// !$*UTF8*$!
{
	archiveVersion = 1;
	classes = {
	};
	objectVersion = 50;
	objects = {

/* Begin PBXBuildFile section */
		700EE22927047BEA009C20E6 /* AppDelegate.swift in Sources */ = {isa = PBXBuildFile; fileRef = 700EE22827047BEA009C20E6 /* AppDelegate.swift */; };
		700EE22B27047BEA009C20E6 /* SceneDelegate.swift in Sources */ = {isa = PBXBuildFile; fileRef = 700EE22A27047BEA009C20E6 /* SceneDelegate.swift */; };
		700EE23027047BEA009C20E6 /* Main.storyboard in Resources */ = {isa = PBXBuildFile; fileRef = 700EE22E27047BEA009C20E6 /* Main.storyboard */; };
		700EE23227047BEB009C20E6 /* Assets.xcassets in Resources */ = {isa = PBXBuildFile; fileRef = 700EE23127047BEB009C20E6 /* Assets.xcassets */; };
		700EE23527047BEB009C20E6 /* LaunchScreen.storyboard in Resources */ = {isa = PBXBuildFile; fileRef = 700EE23327047BEB009C20E6 /* LaunchScreen.storyboard */; };
		700EE24027047BEB009C20E6 /* Project2Tests.swift in Sources */ = {isa = PBXBuildFile; fileRef = 700EE23F27047BEB009C20E6 /* Project2Tests.swift */; };
		700EE24B27047BEB009C20E6 /* Project2UITests.swift in Sources */ = {isa = PBXBuildFile; fileRef = 700EE24A27047BEB009C20E6 /* Project2UITests.swift */; };
		700EE25A27047C13009C20E6 /* RootViewController.swift in Sources */ = {isa = PBXBuildFile; fileRef = 700EE25927047C13009C20E6 /* RootViewController.swift */; };
		700EE25D270485D7009C20E6 /* Extensions.swift in Sources */ = {isa = PBXBuildFile; fileRef = 700EE25C270485D7009C20E6 /* Extensions.swift */; };
		700EE2612705C5A9009C20E6 /* ScrollViewController.swift in Sources */ = {isa = PBXBuildFile; fileRef = 700EE2602705C5A9009C20E6 /* ScrollViewController.swift */; };
		700EE2632705CE37009C20E6 /* heartfill.png in Resources */ = {isa = PBXBuildFile; fileRef = 700EE2622705CE37009C20E6 /* heartfill.png */; };
		700EE265270832B9009C20E6 /* TableViewController.swift in Sources */ = {isa = PBXBuildFile; fileRef = 700EE264270832B9009C20E6 /* TableViewController.swift */; };
		700EE26827083510009C20E6 /* TableCell.swift in Sources */ = {isa = PBXBuildFile; fileRef = 700EE26727083510009C20E6 /* TableCell.swift */; };
/* End PBXBuildFile section */

/* Begin PBXContainerItemProxy section */
		700EE23C27047BEB009C20E6 /* PBXContainerItemProxy */ = {
			isa = PBXContainerItemProxy;
			containerPortal = 700EE21D27047BEA009C20E6 /* Project object */;
			proxyType = 1;
			remoteGlobalIDString = 700EE22427047BEA009C20E6;
			remoteInfo = Project2;
		};
		700EE24727047BEB009C20E6 /* PBXContainerItemProxy */ = {
			isa = PBXContainerItemProxy;
			containerPortal = 700EE21D27047BEA009C20E6 /* Project object */;
			proxyType = 1;
			remoteGlobalIDString = 700EE22427047BEA009C20E6;
			remoteInfo = Project2;
		};
/* End PBXContainerItemProxy section */

/* Begin PBXFileReference section */
		700EE22527047BEA009C20E6 /* Project2.app */ = {isa = PBXFileReference; explicitFileType = wrapper.application; includeInIndex = 0; path = Project2.app; sourceTree = BUILT_PRODUCTS_DIR; };
		700EE22827047BEA009C20E6 /* AppDelegate.swift */ = {isa = PBXFileReference; lastKnownFileType = sourcecode.swift; path = AppDelegate.swift; sourceTree = "<group>"; };
		700EE22A27047BEA009C20E6 /* SceneDelegate.swift */ = {isa = PBXFileReference; lastKnownFileType = sourcecode.swift; path = SceneDelegate.swift; sourceTree = "<group>"; };
		700EE22F27047BEA009C20E6 /* Base */ = {isa = PBXFileReference; lastKnownFileType = file.storyboard; name = Base; path = Base.lproj/Main.storyboard; sourceTree = "<group>"; };
		700EE23127047BEB009C20E6 /* Assets.xcassets */ = {isa = PBXFileReference; lastKnownFileType = folder.assetcatalog; path = Assets.xcassets; sourceTree = "<group>"; };
		700EE23427047BEB009C20E6 /* Base */ = {isa = PBXFileReference; lastKnownFileType = file.storyboard; name = Base; path = Base.lproj/LaunchScreen.storyboard; sourceTree = "<group>"; };
		700EE23627047BEB009C20E6 /* Info.plist */ = {isa = PBXFileReference; lastKnownFileType = text.plist.xml; path = Info.plist; sourceTree = "<group>"; };
		700EE23B27047BEB009C20E6 /* Project2Tests.xctest */ = {isa = PBXFileReference; explicitFileType = wrapper.cfbundle; includeInIndex = 0; path = Project2Tests.xctest; sourceTree = BUILT_PRODUCTS_DIR; };
		700EE23F27047BEB009C20E6 /* Project2Tests.swift */ = {isa = PBXFileReference; lastKnownFileType = sourcecode.swift; path = Project2Tests.swift; sourceTree = "<group>"; };
		700EE24127047BEB009C20E6 /* Info.plist */ = {isa = PBXFileReference; lastKnownFileType = text.plist.xml; path = Info.plist; sourceTree = "<group>"; };
		700EE24627047BEB009C20E6 /* Project2UITests.xctest */ = {isa = PBXFileReference; explicitFileType = wrapper.cfbundle; includeInIndex = 0; path = Project2UITests.xctest; sourceTree = BUILT_PRODUCTS_DIR; };
		700EE24A27047BEB009C20E6 /* Project2UITests.swift */ = {isa = PBXFileReference; lastKnownFileType = sourcecode.swift; path = Project2UITests.swift; sourceTree = "<group>"; };
		700EE24C27047BEB009C20E6 /* Info.plist */ = {isa = PBXFileReference; lastKnownFileType = text.plist.xml; path = Info.plist; sourceTree = "<group>"; };
		700EE25927047C13009C20E6 /* RootViewController.swift */ = {isa = PBXFileReference; lastKnownFileType = sourcecode.swift; path = RootViewController.swift; sourceTree = "<group>"; };
		700EE25C270485D7009C20E6 /* Extensions.swift */ = {isa = PBXFileReference; lastKnownFileType = sourcecode.swift; path = Extensions.swift; sourceTree = "<group>"; };
		700EE2602705C5A9009C20E6 /* ScrollViewController.swift */ = {isa = PBXFileReference; lastKnownFileType = sourcecode.swift; path = ScrollViewController.swift; sourceTree = "<group>"; };
		700EE2622705CE37009C20E6 /* heartfill.png */ = {isa = PBXFileReference; lastKnownFileType = image.png; path = heartfill.png; sourceTree = "<group>"; };
		700EE264270832B9009C20E6 /* TableViewController.swift */ = {isa = PBXFileReference; lastKnownFileType = sourcecode.swift; path = TableViewController.swift; sourceTree = "<group>"; };
		700EE26727083510009C20E6 /* TableCell.swift */ = {isa = PBXFileReference; lastKnownFileType = sourcecode.swift; path = TableCell.swift; sourceTree = "<group>"; };
/* End PBXFileReference section */

/* Begin PBXFrameworksBuildPhase section */
		700EE22227047BEA009C20E6 /* Frameworks */ = {
			isa = PBXFrameworksBuildPhase;
			buildActionMask = 2147483647;
			files = (
			);
			runOnlyForDeploymentPostprocessing = 0;
		};
		700EE23827047BEB009C20E6 /* Frameworks */ = {
			isa = PBXFrameworksBuildPhase;
			buildActionMask = 2147483647;
			files = (
			);
			runOnlyForDeploymentPostprocessing = 0;
		};
		700EE24327047BEB009C20E6 /* Frameworks */ = {
			isa = PBXFrameworksBuildPhase;
			buildActionMask = 2147483647;
			files = (
			);
			runOnlyForDeploymentPostprocessing = 0;
		};
/* End PBXFrameworksBuildPhase section */

/* Begin PBXGroup section */
		700EE21C27047BEA009C20E6 = {
			isa = PBXGroup;
			children = (
				700EE266270834F1009C20E6 /* Views */,
				700EE25B270485CC009C20E6 /* Extensions */,
				700EE25827047C03009C20E6 /* Controllers */,
				700EE22727047BEA009C20E6 /* Project2 */,
				700EE23E27047BEB009C20E6 /* Project2Tests */,
				700EE24927047BEB009C20E6 /* Project2UITests */,
				700EE22627047BEA009C20E6 /* Products */,
			);
			sourceTree = "<group>";
		};
		700EE22627047BEA009C20E6 /* Products */ = {
			isa = PBXGroup;
			children = (
				700EE22527047BEA009C20E6 /* Project2.app */,
				700EE23B27047BEB009C20E6 /* Project2Tests.xctest */,
				700EE24627047BEB009C20E6 /* Project2UITests.xctest */,
			);
			name = Products;
			sourceTree = "<group>";
		};
		700EE22727047BEA009C20E6 /* Project2 */ = {
			isa = PBXGroup;
			children = (
				700EE2622705CE37009C20E6 /* heartfill.png */,
				700EE22827047BEA009C20E6 /* AppDelegate.swift */,
				700EE22A27047BEA009C20E6 /* SceneDelegate.swift */,
				700EE22E27047BEA009C20E6 /* Main.storyboard */,
				700EE23127047BEB009C20E6 /* Assets.xcassets */,
				700EE23327047BEB009C20E6 /* LaunchScreen.storyboard */,
				700EE23627047BEB009C20E6 /* Info.plist */,
			);
			path = Project2;
			sourceTree = "<group>";
		};
		700EE23E27047BEB009C20E6 /* Project2Tests */ = {
			isa = PBXGroup;
			children = (
				700EE23F27047BEB009C20E6 /* Project2Tests.swift */,
				700EE24127047BEB009C20E6 /* Info.plist */,
			);
			path = Project2Tests;
			sourceTree = "<group>";
		};
		700EE24927047BEB009C20E6 /* Project2UITests */ = {
			isa = PBXGroup;
			children = (
				700EE24A27047BEB009C20E6 /* Project2UITests.swift */,
				700EE24C27047BEB009C20E6 /* Info.plist */,
			);
			path = Project2UITests;
			sourceTree = "<group>";
		};
		700EE25827047C03009C20E6 /* Controllers */ = {
			isa = PBXGroup;
			children = (
				700EE25927047C13009C20E6 /* RootViewController.swift */,
				700EE2602705C5A9009C20E6 /* ScrollViewController.swift */,
				700EE264270832B9009C20E6 /* TableViewController.swift */,
			);
			path = Controllers;
			sourceTree = "<group>";
		};
		700EE25B270485CC009C20E6 /* Extensions */ = {
			isa = PBXGroup;
			children = (
				700EE25C270485D7009C20E6 /* Extensions.swift */,
			);
			path = Extensions;
			sourceTree = "<group>";
		};
		700EE266270834F1009C20E6 /* Views */ = {
			isa = PBXGroup;
			children = (
				700EE26727083510009C20E6 /* TableCell.swift */,
			);
			path = Views;
			sourceTree = "<group>";
		};
/* End PBXGroup section */

/* Begin PBXNativeTarget section */
		700EE22427047BEA009C20E6 /* Project2 */ = {
			isa = PBXNativeTarget;
			buildConfigurationList = 700EE24F27047BEB009C20E6 /* Build configuration list for PBXNativeTarget "Project2" */;
			buildPhases = (
				700EE22127047BEA009C20E6 /* Sources */,
				700EE22227047BEA009C20E6 /* Frameworks */,
				700EE22327047BEA009C20E6 /* Resources */,
			);
			buildRules = (
			);
			dependencies = (
			);
			name = Project2;
			productName = Project2;
			productReference = 700EE22527047BEA009C20E6 /* Project2.app */;
			productType = "com.apple.product-type.application";
		};
		700EE23A27047BEB009C20E6 /* Project2Tests */ = {
			isa = PBXNativeTarget;
			buildConfigurationList = 700EE25227047BEB009C20E6 /* Build configuration list for PBXNativeTarget "Project2Tests" */;
			buildPhases = (
				700EE23727047BEB009C20E6 /* Sources */,
				700EE23827047BEB009C20E6 /* Frameworks */,
				700EE23927047BEB009C20E6 /* Resources */,
			);
			buildRules = (
			);
			dependencies = (
				700EE23D27047BEB009C20E6 /* PBXTargetDependency */,
			);
			name = Project2Tests;
			productName = Project2Tests;
			productReference = 700EE23B27047BEB009C20E6 /* Project2Tests.xctest */;
			productType = "com.apple.product-type.bundle.unit-test";
		};
		700EE24527047BEB009C20E6 /* Project2UITests */ = {
			isa = PBXNativeTarget;
			buildConfigurationList = 700EE25527047BEB009C20E6 /* Build configuration list for PBXNativeTarget "Project2UITests" */;
			buildPhases = (
				700EE24227047BEB009C20E6 /* Sources */,
				700EE24327047BEB009C20E6 /* Frameworks */,
				700EE24427047BEB009C20E6 /* Resources */,
			);
			buildRules = (
			);
			dependencies = (
				700EE24827047BEB009C20E6 /* PBXTargetDependency */,
			);
			name = Project2UITests;
			productName = Project2UITests;
			productReference = 700EE24627047BEB009C20E6 /* Project2UITests.xctest */;
			productType = "com.apple.product-type.bundle.ui-testing";
		};
/* End PBXNativeTarget section */

/* Begin PBXProject section */
		700EE21D27047BEA009C20E6 /* Project object */ = {
			isa = PBXProject;
			attributes = {
				LastSwiftUpdateCheck = 1250;
				LastUpgradeCheck = 1250;
				TargetAttributes = {
					700EE22427047BEA009C20E6 = {
						CreatedOnToolsVersion = 12.5;
					};
					700EE23A27047BEB009C20E6 = {
						CreatedOnToolsVersion = 12.5;
						TestTargetID = 700EE22427047BEA009C20E6;
					};
					700EE24527047BEB009C20E6 = {
						CreatedOnToolsVersion = 12.5;
						TestTargetID = 700EE22427047BEA009C20E6;
					};
				};
			};
			buildConfigurationList = 700EE22027047BEA009C20E6 /* Build configuration list for PBXProject "Project2" */;
			compatibilityVersion = "Xcode 9.3";
			developmentRegion = en;
			hasScannedForEncodings = 0;
			knownRegions = (
				en,
				Base,
			);
			mainGroup = 700EE21C27047BEA009C20E6;
			productRefGroup = 700EE22627047BEA009C20E6 /* Products */;
			projectDirPath = "";
			projectRoot = "";
			targets = (
				700EE22427047BEA009C20E6 /* Project2 */,
				700EE23A27047BEB009C20E6 /* Project2Tests */,
				700EE24527047BEB009C20E6 /* Project2UITests */,
			);
		};
/* End PBXProject section */

/* Begin PBXResourcesBuildPhase section */
		700EE22327047BEA009C20E6 /* Resources */ = {
			isa = PBXResourcesBuildPhase;
			buildActionMask = 2147483647;
			files = (
				700EE23527047BEB009C20E6 /* LaunchScreen.storyboard in Resources */,
				700EE23227047BEB009C20E6 /* Assets.xcassets in Resources */,
				700EE23027047BEA009C20E6 /* Main.storyboard in Resources */,
				700EE2632705CE37009C20E6 /* heartfill.png in Resources */,
			);
			runOnlyForDeploymentPostprocessing = 0;
		};
		700EE23927047BEB009C20E6 /* Resources */ = {
			isa = PBXResourcesBuildPhase;
			buildActionMask = 2147483647;
			files = (
			);
			runOnlyForDeploymentPostprocessing = 0;
		};
		700EE24427047BEB009C20E6 /* Resources */ = {
			isa = PBXResourcesBuildPhase;
			buildActionMask = 2147483647;
			files = (
			);
			runOnlyForDeploymentPostprocessing = 0;
		};
/* End PBXResourcesBuildPhase section */

/* Begin PBXSourcesBuildPhase section */
		700EE22127047BEA009C20E6 /* Sources */ = {
			isa = PBXSourcesBuildPhase;
			buildActionMask = 2147483647;
			files = (
				700EE22927047BEA009C20E6 /* AppDelegate.swift in Sources */,
				700EE265270832B9009C20E6 /* TableViewController.swift in Sources */,
				700EE22B27047BEA009C20E6 /* SceneDelegate.swift in Sources */,
				700EE26827083510009C20E6 /* TableCell.swift in Sources */,
				700EE2612705C5A9009C20E6 /* ScrollViewController.swift in Sources */,
				700EE25A27047C13009C20E6 /* RootViewController.swift in Sources */,
				700EE25D270485D7009C20E6 /* Extensions.swift in Sources */,
			);
			runOnlyForDeploymentPostprocessing = 0;
		};
		700EE23727047BEB009C20E6 /* Sources */ = {
			isa = PBXSourcesBuildPhase;
			buildActionMask = 2147483647;
			files = (
				700EE24027047BEB009C20E6 /* Project2Tests.swift in Sources */,
			);
			runOnlyForDeploymentPostprocessing = 0;
		};
		700EE24227047BEB009C20E6 /* Sources */ = {
			isa = PBXSourcesBuildPhase;
			buildActionMask = 2147483647;
			files = (
				700EE24B27047BEB009C20E6 /* Project2UITests.swift in Sources */,
			);
			runOnlyForDeploymentPostprocessing = 0;
		};
/* End PBXSourcesBuildPhase section */

/* Begin PBXTargetDependency section */
		700EE23D27047BEB009C20E6 /* PBXTargetDependency */ = {
			isa = PBXTargetDependency;
			target = 700EE22427047BEA009C20E6 /* Project2 */;
			targetProxy = 700EE23C27047BEB009C20E6 /* PBXContainerItemProxy */;
		};
		700EE24827047BEB009C20E6 /* PBXTargetDependency */ = {
			isa = PBXTargetDependency;
			target = 700EE22427047BEA009C20E6 /* Project2 */;
			targetProxy = 700EE24727047BEB009C20E6 /* PBXContainerItemProxy */;
		};
/* End PBXTargetDependency section */

/* Begin PBXVariantGroup section */
		700EE22E27047BEA009C20E6 /* Main.storyboard */ = {
			isa = PBXVariantGroup;
			children = (
				700EE22F27047BEA009C20E6 /* Base */,
			);
			name = Main.storyboard;
			sourceTree = "<group>";
		};
		700EE23327047BEB009C20E6 /* LaunchScreen.storyboard */ = {
			isa = PBXVariantGroup;
			children = (
				700EE23427047BEB009C20E6 /* Base */,
			);
			name = LaunchScreen.storyboard;
			sourceTree = "<group>";
		};
/* End PBXVariantGroup section */

/* Begin XCBuildConfiguration section */
		700EE24D27047BEB009C20E6 /* Debug */ = {
			isa = XCBuildConfiguration;
			buildSettings = {
				ALWAYS_SEARCH_USER_PATHS = NO;
				CLANG_ANALYZER_NONNULL = YES;
				CLANG_ANALYZER_NUMBER_OBJECT_CONVERSION = YES_AGGRESSIVE;
				CLANG_CXX_LANGUAGE_STANDARD = "gnu++14";
				CLANG_CXX_LIBRARY = "libc++";
				CLANG_ENABLE_MODULES = YES;
				CLANG_ENABLE_OBJC_ARC = YES;
				CLANG_ENABLE_OBJC_WEAK = YES;
				CLANG_WARN_BLOCK_CAPTURE_AUTORELEASING = YES;
				CLANG_WARN_BOOL_CONVERSION = YES;
				CLANG_WARN_COMMA = YES;
				CLANG_WARN_CONSTANT_CONVERSION = YES;
				CLANG_WARN_DEPRECATED_OBJC_IMPLEMENTATIONS = YES;
				CLANG_WARN_DIRECT_OBJC_ISA_USAGE = YES_ERROR;
				CLANG_WARN_DOCUMENTATION_COMMENTS = YES;
				CLANG_WARN_EMPTY_BODY = YES;
				CLANG_WARN_ENUM_CONVERSION = YES;
				CLANG_WARN_INFINITE_RECURSION = YES;
				CLANG_WARN_INT_CONVERSION = YES;
				CLANG_WARN_NON_LITERAL_NULL_CONVERSION = YES;
				CLANG_WARN_OBJC_IMPLICIT_RETAIN_SELF = YES;
				CLANG_WARN_OBJC_LITERAL_CONVERSION = YES;
				CLANG_WARN_OBJC_ROOT_CLASS = YES_ERROR;
				CLANG_WARN_QUOTED_INCLUDE_IN_FRAMEWORK_HEADER = YES;
				CLANG_WARN_RANGE_LOOP_ANALYSIS = YES;
				CLANG_WARN_STRICT_PROTOTYPES = YES;
				CLANG_WARN_SUSPICIOUS_MOVE = YES;
				CLANG_WARN_UNGUARDED_AVAILABILITY = YES_AGGRESSIVE;
				CLANG_WARN_UNREACHABLE_CODE = YES;
				CLANG_WARN__DUPLICATE_METHOD_MATCH = YES;
				COPY_PHASE_STRIP = NO;
				DEBUG_INFORMATION_FORMAT = dwarf;
				ENABLE_STRICT_OBJC_MSGSEND = YES;
				ENABLE_TESTABILITY = YES;
				GCC_C_LANGUAGE_STANDARD = gnu11;
				GCC_DYNAMIC_NO_PIC = NO;
				GCC_NO_COMMON_BLOCKS = YES;
				GCC_OPTIMIZATION_LEVEL = 0;
				GCC_PREPROCESSOR_DEFINITIONS = (
					"DEBUG=1",
					"$(inherited)",
				);
				GCC_WARN_64_TO_32_BIT_CONVERSION = YES;
				GCC_WARN_ABOUT_RETURN_TYPE = YES_ERROR;
				GCC_WARN_UNDECLARED_SELECTOR = YES;
				GCC_WARN_UNINITIALIZED_AUTOS = YES_AGGRESSIVE;
				GCC_WARN_UNUSED_FUNCTION = YES;
				GCC_WARN_UNUSED_VARIABLE = YES;
				IPHONEOS_DEPLOYMENT_TARGET = 14.5;
				MTL_ENABLE_DEBUG_INFO = INCLUDE_SOURCE;
				MTL_FAST_MATH = YES;
				ONLY_ACTIVE_ARCH = YES;
				SDKROOT = iphoneos;
				SWIFT_ACTIVE_COMPILATION_CONDITIONS = DEBUG;
				SWIFT_OPTIMIZATION_LEVEL = "-Onone";
			};
			name = Debug;
		};
		700EE24E27047BEB009C20E6 /* Release */ = {
			isa = XCBuildConfiguration;
			buildSettings = {
				ALWAYS_SEARCH_USER_PATHS = NO;
				CLANG_ANALYZER_NONNULL = YES;
				CLANG_ANALYZER_NUMBER_OBJECT_CONVERSION = YES_AGGRESSIVE;
				CLANG_CXX_LANGUAGE_STANDARD = "gnu++14";
				CLANG_CXX_LIBRARY = "libc++";
				CLANG_ENABLE_MODULES = YES;
				CLANG_ENABLE_OBJC_ARC = YES;
				CLANG_ENABLE_OBJC_WEAK = YES;
				CLANG_WARN_BLOCK_CAPTURE_AUTORELEASING = YES;
				CLANG_WARN_BOOL_CONVERSION = YES;
				CLANG_WARN_COMMA = YES;
				CLANG_WARN_CONSTANT_CONVERSION = YES;
				CLANG_WARN_DEPRECATED_OBJC_IMPLEMENTATIONS = YES;
				CLANG_WARN_DIRECT_OBJC_ISA_USAGE = YES_ERROR;
				CLANG_WARN_DOCUMENTATION_COMMENTS = YES;
				CLANG_WARN_EMPTY_BODY = YES;
				CLANG_WARN_ENUM_CONVERSION = YES;
				CLANG_WARN_INFINITE_RECURSION = YES;
				CLANG_WARN_INT_CONVERSION = YES;
				CLANG_WARN_NON_LITERAL_NULL_CONVERSION = YES;
				CLANG_WARN_OBJC_IMPLICIT_RETAIN_SELF = YES;
				CLANG_WARN_OBJC_LITERAL_CONVERSION = YES;
				CLANG_WARN_OBJC_ROOT_CLASS = YES_ERROR;
				CLANG_WARN_QUOTED_INCLUDE_IN_FRAMEWORK_HEADER = YES;
				CLANG_WARN_RANGE_LOOP_ANALYSIS = YES;
				CLANG_WARN_STRICT_PROTOTYPES = YES;
				CLANG_WARN_SUSPICIOUS_MOVE = YES;
				CLANG_WARN_UNGUARDED_AVAILABILITY = YES_AGGRESSIVE;
				CLANG_WARN_UNREACHABLE_CODE = YES;
				CLANG_WARN__DUPLICATE_METHOD_MATCH = YES;
				COPY_PHASE_STRIP = NO;
				DEBUG_INFORMATION_FORMAT = "dwarf-with-dsym";
				ENABLE_NS_ASSERTIONS = NO;
				ENABLE_STRICT_OBJC_MSGSEND = YES;
				GCC_C_LANGUAGE_STANDARD = gnu11;
				GCC_NO_COMMON_BLOCKS = YES;
				GCC_WARN_64_TO_32_BIT_CONVERSION = YES;
				GCC_WARN_ABOUT_RETURN_TYPE = YES_ERROR;
				GCC_WARN_UNDECLARED_SELECTOR = YES;
				GCC_WARN_UNINITIALIZED_AUTOS = YES_AGGRESSIVE;
				GCC_WARN_UNUSED_FUNCTION = YES;
				GCC_WARN_UNUSED_VARIABLE = YES;
				IPHONEOS_DEPLOYMENT_TARGET = 14.5;
				MTL_ENABLE_DEBUG_INFO = NO;
				MTL_FAST_MATH = YES;
				SDKROOT = iphoneos;
				SWIFT_COMPILATION_MODE = wholemodule;
				SWIFT_OPTIMIZATION_LEVEL = "-O";
				VALIDATE_PRODUCT = YES;
			};
			name = Release;
		};
		700EE25027047BEB009C20E6 /* Debug */ = {
			isa = XCBuildConfiguration;
			buildSettings = {
				ASSETCATALOG_COMPILER_APPICON_NAME = AppIcon;
				ASSETCATALOG_COMPILER_GLOBAL_ACCENT_COLOR_NAME = AccentColor;
				CODE_SIGN_STYLE = Automatic;
				INFOPLIST_FILE = Project2/Info.plist;
				LD_RUNPATH_SEARCH_PATHS = (
					"$(inherited)",
					"@executable_path/Frameworks",
				);
				PRODUCT_BUNDLE_IDENTIFIER = Jun.Project2;
				PRODUCT_NAME = "$(TARGET_NAME)";
				SWIFT_VERSION = 5.0;
				TARGETED_DEVICE_FAMILY = "1,2";
			};
			name = Debug;
		};
		700EE25127047BEB009C20E6 /* Release */ = {
			isa = XCBuildConfiguration;
			buildSettings = {
				ASSETCATALOG_COMPILER_APPICON_NAME = AppIcon;
				ASSETCATALOG_COMPILER_GLOBAL_ACCENT_COLOR_NAME = AccentColor;
				CODE_SIGN_STYLE = Automatic;
				INFOPLIST_FILE = Project2/Info.plist;
				LD_RUNPATH_SEARCH_PATHS = (
					"$(inherited)",
					"@executable_path/Frameworks",
				);
				PRODUCT_BUNDLE_IDENTIFIER = Jun.Project2;
				PRODUCT_NAME = "$(TARGET_NAME)";
				SWIFT_VERSION = 5.0;
				TARGETED_DEVICE_FAMILY = "1,2";
			};
			name = Release;
		};
		700EE25327047BEB009C20E6 /* Debug */ = {
			isa = XCBuildConfiguration;
			buildSettings = {
				ALWAYS_EMBED_SWIFT_STANDARD_LIBRARIES = YES;
				BUNDLE_LOADER = "$(TEST_HOST)";
				CODE_SIGN_STYLE = Automatic;
				INFOPLIST_FILE = Project2Tests/Info.plist;
				IPHONEOS_DEPLOYMENT_TARGET = 14.5;
				LD_RUNPATH_SEARCH_PATHS = (
					"$(inherited)",
					"@executable_path/Frameworks",
					"@loader_path/Frameworks",
				);
				PRODUCT_BUNDLE_IDENTIFIER = Jun.Project2Tests;
				PRODUCT_NAME = "$(TARGET_NAME)";
				SWIFT_VERSION = 5.0;
				TARGETED_DEVICE_FAMILY = "1,2";
				TEST_HOST = "$(BUILT_PRODUCTS_DIR)/Project2.app/Project2";
			};
			name = Debug;
		};
		700EE25427047BEB009C20E6 /* Release */ = {
			isa = XCBuildConfiguration;
			buildSettings = {
				ALWAYS_EMBED_SWIFT_STANDARD_LIBRARIES = YES;
				BUNDLE_LOADER = "$(TEST_HOST)";
				CODE_SIGN_STYLE = Automatic;
				INFOPLIST_FILE = Project2Tests/Info.plist;
				IPHONEOS_DEPLOYMENT_TARGET = 14.5;
				LD_RUNPATH_SEARCH_PATHS = (
					"$(inherited)",
					"@executable_path/Frameworks",
					"@loader_path/Frameworks",
				);
				PRODUCT_BUNDLE_IDENTIFIER = Jun.Project2Tests;
				PRODUCT_NAME = "$(TARGET_NAME)";
				SWIFT_VERSION = 5.0;
				TARGETED_DEVICE_FAMILY = "1,2";
				TEST_HOST = "$(BUILT_PRODUCTS_DIR)/Project2.app/Project2";
			};
			name = Release;
		};
		700EE25627047BEB009C20E6 /* Debug */ = {
			isa = XCBuildConfiguration;
			buildSettings = {
				ALWAYS_EMBED_SWIFT_STANDARD_LIBRARIES = YES;
				CODE_SIGN_STYLE = Automatic;
				INFOPLIST_FILE = Project2UITests/Info.plist;
				LD_RUNPATH_SEARCH_PATHS = (
					"$(inherited)",
					"@executable_path/Frameworks",
					"@loader_path/Frameworks",
				);
				PRODUCT_BUNDLE_IDENTIFIER = Jun.Project2UITests;
				PRODUCT_NAME = "$(TARGET_NAME)";
				SWIFT_VERSION = 5.0;
				TARGETED_DEVICE_FAMILY = "1,2";
				TEST_TARGET_NAME = Project2;
			};
			name = Debug;
		};
		700EE25727047BEB009C20E6 /* Release */ = {
			isa = XCBuildConfiguration;
			buildSettings = {
				ALWAYS_EMBED_SWIFT_STANDARD_LIBRARIES = YES;
				CODE_SIGN_STYLE = Automatic;
				INFOPLIST_FILE = Project2UITests/Info.plist;
				LD_RUNPATH_SEARCH_PATHS = (
					"$(inherited)",
					"@executable_path/Frameworks",
					"@loader_path/Frameworks",
				);
				PRODUCT_BUNDLE_IDENTIFIER = Jun.Project2UITests;
				PRODUCT_NAME = "$(TARGET_NAME)";
				SWIFT_VERSION = 5.0;
				TARGETED_DEVICE_FAMILY = "1,2";
				TEST_TARGET_NAME = Project2;
			};
			name = Release;
		};
/* End XCBuildConfiguration section */

/* Begin XCConfigurationList section */
		700EE22027047BEA009C20E6 /* Build configuration list for PBXProject "Project2" */ = {
			isa = XCConfigurationList;
			buildConfigurations = (
				700EE24D27047BEB009C20E6 /* Debug */,
				700EE24E27047BEB009C20E6 /* Release */,
			);
			defaultConfigurationIsVisible = 0;
			defaultConfigurationName = Release;
		};
		700EE24F27047BEB009C20E6 /* Build configuration list for PBXNativeTarget "Project2" */ = {
			isa = XCConfigurationList;
			buildConfigurations = (
				700EE25027047BEB009C20E6 /* Debug */,
				700EE25127047BEB009C20E6 /* Release */,
			);
			defaultConfigurationIsVisible = 0;
			defaultConfigurationName = Release;
		};
		700EE25227047BEB009C20E6 /* Build configuration list for PBXNativeTarget "Project2Tests" */ = {
			isa = XCConfigurationList;
			buildConfigurations = (
				700EE25327047BEB009C20E6 /* Debug */,
				700EE25427047BEB009C20E6 /* Release */,
			);
			defaultConfigurationIsVisible = 0;
			defaultConfigurationName = Release;
		};
		700EE25527047BEB009C20E6 /* Build configuration list for PBXNativeTarget "Project2UITests" */ = {
			isa = XCConfigurationList;
			buildConfigurations = (
				700EE25627047BEB009C20E6 /* Debug */,
				700EE25727047BEB009C20E6 /* Release */,
			);
			defaultConfigurationIsVisible = 0;
			defaultConfigurationName = Release;
		};
/* End XCConfigurationList section */
	};
	rootObject = 700EE21D27047BEA009C20E6 /* Project object */;
}
